// !$*UTF8*$!
{
	archiveVersion = 1;
	classes = {
	};
	objectVersion = 50;
	objects = {

/* Begin PBXBuildFile section */
		0CAFD71A2494F04900ED5E87 /* AppDelegate.swift in Sources */ = {isa = PBXBuildFile; fileRef = 0CAFD7192494F04900ED5E87 /* AppDelegate.swift */; };
		0CAFD71C2494F04900ED5E87 /* SceneDelegate.swift in Sources */ = {isa = PBXBuildFile; fileRef = 0CAFD71B2494F04900ED5E87 /* SceneDelegate.swift */; };
		0CAFD71E2494F04900ED5E87 /* ViewController.swift in Sources */ = {isa = PBXBuildFile; fileRef = 0CAFD71D2494F04900ED5E87 /* ViewController.swift */; };
		0CAFD7212494F04900ED5E87 /* Main.storyboard in Resources */ = {isa = PBXBuildFile; fileRef = 0CAFD71F2494F04900ED5E87 /* Main.storyboard */; };
		0CAFD7232494F04D00ED5E87 /* Assets.xcassets in Resources */ = {isa = PBXBuildFile; fileRef = 0CAFD7222494F04D00ED5E87 /* Assets.xcassets */; };
		0CAFD7262494F04D00ED5E87 /* LaunchScreen.storyboard in Resources */ = {isa = PBXBuildFile; fileRef = 0CAFD7242494F04D00ED5E87 /* LaunchScreen.storyboard */; };
		0CAFD7302495086000ED5E87 /* GameScene.swift in Sources */ = {isa = PBXBuildFile; fileRef = 0CAFD72F2495086000ED5E87 /* GameScene.swift */; };
		0CAFD732249A5FA500ED5E87 /* itemSound.mp3 in Resources */ = {isa = PBXBuildFile; fileRef = 0CAFD731249A5FA500ED5E87 /* itemSound.mp3 */; };
/* End PBXBuildFile section */

/* Begin PBXFileReference section */
		0CAFD7162494F04900ED5E87 /* FlappyBird.app */ = {isa = PBXFileReference; explicitFileType = wrapper.application; includeInIndex = 0; path = FlappyBird.app; sourceTree = BUILT_PRODUCTS_DIR; };
		0CAFD7192494F04900ED5E87 /* AppDelegate.swift */ = {isa = PBXFileReference; lastKnownFileType = sourcecode.swift; path = AppDelegate.swift; sourceTree = "<group>"; };
		0CAFD71B2494F04900ED5E87 /* SceneDelegate.swift */ = {isa = PBXFileReference; lastKnownFileType = sourcecode.swift; path = SceneDelegate.swift; sourceTree = "<group>"; };
		0CAFD71D2494F04900ED5E87 /* ViewController.swift */ = {isa = PBXFileReference; lastKnownFileType = sourcecode.swift; path = ViewController.swift; sourceTree = "<group>"; };
		0CAFD7202494F04900ED5E87 /* Base */ = {isa = PBXFileReference; lastKnownFileType = file.storyboard; name = Base; path = Base.lproj/Main.storyboard; sourceTree = "<group>"; };
		0CAFD7222494F04D00ED5E87 /* Assets.xcassets */ = {isa = PBXFileReference; lastKnownFileType = folder.assetcatalog; path = Assets.xcassets; sourceTree = "<group>"; };
		0CAFD7252494F04D00ED5E87 /* Base */ = {isa = PBXFileReference; lastKnownFileType = file.storyboard; name = Base; path = Base.lproj/LaunchScreen.storyboard; sourceTree = "<group>"; };
		0CAFD7272494F04D00ED5E87 /* Info.plist */ = {isa = PBXFileReference; lastKnownFileType = text.plist.xml; path = Info.plist; sourceTree = "<group>"; };
		0CAFD72F2495086000ED5E87 /* GameScene.swift */ = {isa = PBXFileReference; lastKnownFileType = sourcecode.swift; path = GameScene.swift; sourceTree = "<group>"; };
		0CAFD731249A5FA500ED5E87 /* itemSound.mp3 */ = {isa = PBXFileReference; lastKnownFileType = audio.mp3; path = itemSound.mp3; sourceTree = "<group>"; };
/* End PBXFileReference section */

/* Begin PBXFrameworksBuildPhase section */
		0CAFD7132494F04900ED5E87 /* Frameworks */ = {
			isa = PBXFrameworksBuildPhase;
			buildActionMask = 2147483647;
			files = (
			);
			runOnlyForDeploymentPostprocessing = 0;
		};
/* End PBXFrameworksBuildPhase section */

/* Begin PBXGroup section */
		0CAFD70D2494F04900ED5E87 = {
			isa = PBXGroup;
			children = (
				0CAFD7182494F04900ED5E87 /* FlappyBird */,
				0CAFD7172494F04900ED5E87 /* Products */,
			);
			sourceTree = "<group>";
		};
		0CAFD7172494F04900ED5E87 /* Products */ = {
			isa = PBXGroup;
			children = (
				0CAFD7162494F04900ED5E87 /* FlappyBird.app */,
			);
			name = Products;
			sourceTree = "<group>";
		};
		0CAFD7182494F04900ED5E87 /* FlappyBird */ = {
			isa = PBXGroup;
			children = (
				0CAFD7192494F04900ED5E87 /* AppDelegate.swift */,
				0CAFD71B2494F04900ED5E87 /* SceneDelegate.swift */,
				0CAFD71D2494F04900ED5E87 /* ViewController.swift */,
				0CAFD72F2495086000ED5E87 /* GameScene.swift */,
				0CAFD71F2494F04900ED5E87 /* Main.storyboard */,
				0CAFD731249A5FA500ED5E87 /* itemSound.mp3 */,
				0CAFD7222494F04D00ED5E87 /* Assets.xcassets */,
				0CAFD7242494F04D00ED5E87 /* LaunchScreen.storyboard */,
				0CAFD7272494F04D00ED5E87 /* Info.plist */,
			);
			path = FlappyBird;
			sourceTree = "<group>";
		};
/* End PBXGroup section */

/* Begin PBXNativeTarget section */
		0CAFD7152494F04900ED5E87 /* FlappyBird */ = {
			isa = PBXNativeTarget;
			buildConfigurationList = 0CAFD72A2494F04D00ED5E87 /* Build configuration list for PBXNativeTarget "FlappyBird" */;
			buildPhases = (
				0CAFD7122494F04900ED5E87 /* Sources */,
				0CAFD7132494F04900ED5E87 /* Frameworks */,
				0CAFD7142494F04900ED5E87 /* Resources */,
			);
			buildRules = (
			);
			dependencies = (
			);
			name = FlappyBird;
			productName = FlappyBird;
			productReference = 0CAFD7162494F04900ED5E87 /* FlappyBird.app */;
			productType = "com.apple.product-type.application";
		};
/* End PBXNativeTarget section */

/* Begin PBXProject section */
		0CAFD70E2494F04900ED5E87 /* Project object */ = {
			isa = PBXProject;
			attributes = {
				LastSwiftUpdateCheck = 1110;
				LastUpgradeCheck = 1110;
				ORGANIZATIONNAME = moeka.nishiyama;
				TargetAttributes = {
					0CAFD7152494F04900ED5E87 = {
						CreatedOnToolsVersion = 11.1;
					};
				};
			};
			buildConfigurationList = 0CAFD7112494F04900ED5E87 /* Build configuration list for PBXProject "FlappyBird" */;
			compatibilityVersion = "Xcode 9.3";
			developmentRegion = en;
			hasScannedForEncodings = 0;
			knownRegions = (
				en,
				Base,
			);
			mainGroup = 0CAFD70D2494F04900ED5E87;
			productRefGroup = 0CAFD7172494F04900ED5E87 /* Products */;
			projectDirPath = "";
			projectRoot = "";
			targets = (
				0CAFD7152494F04900ED5E87 /* FlappyBird */,
			);
		};
/* End PBXProject section */

/* Begin PBXResourcesBuildPhase section */
		0CAFD7142494F04900ED5E87 /* Resources */ = {
			isa = PBXResourcesBuildPhase;
			buildActionMask = 2147483647;
			files = (
				0CAFD7262494F04D00ED5E87 /* LaunchScreen.storyboard in Resources */,
				0CAFD7232494F04D00ED5E87 /* Assets.xcassets in Resources */,
				0CAFD7212494F04900ED5E87 /* Main.storyboard in Resources */,
				0CAFD732249A5FA500ED5E87 /* itemSound.mp3 in Resources */,
			);
			runOnlyForDeploymentPostprocessing = 0;
		};
/* End PBXResourcesBuildPhase section */

/* Begin PBXSourcesBuildPhase section */
		0CAFD7122494F04900ED5E87 /* Sources */ = {
			isa = PBXSourcesBuildPhase;
			buildActionMask = 2147483647;
			files = (
				0CAFD7302495086000ED5E87 /* GameScene.swift in Sources */,
				0CAFD71E2494F04900ED5E87 /* ViewController.swift in Sources */,
				0CAFD71A2494F04900ED5E87 /* AppDelegate.swift in Sources */,
				0CAFD71C2494F04900ED5E87 /* SceneDelegate.swift in Sources */,
			);
			runOnlyForDeploymentPostprocessing = 0;
		};
/* End PBXSourcesBuildPhase section */

/* Begin PBXVariantGroup section */
		0CAFD71F2494F04900ED5E87 /* Main.storyboard */ = {
			isa = PBXVariantGroup;
			children = (
				0CAFD7202494F04900ED5E87 /* Base */,
			);
			name = Main.storyboard;
			sourceTree = "<group>";
		};
		0CAFD7242494F04D00ED5E87 /* LaunchScreen.storyboard */ = {
			isa = PBXVariantGroup;
			children = (
				0CAFD7252494F04D00ED5E87 /* Base */,
			);
			name = LaunchScreen.storyboard;
			sourceTree = "<group>";
		};
/* End PBXVariantGroup section */

/* Begin XCBuildConfiguration section */
		0CAFD7282494F04D00ED5E87 /* Debug */ = {
			isa = XCBuildConfiguration;
			buildSettings = {
				ALWAYS_SEARCH_USER_PATHS = NO;
				CLANG_ANALYZER_NONNULL = YES;
				CLANG_ANALYZER_NUMBER_OBJECT_CONVERSION = YES_AGGRESSIVE;
				CLANG_CXX_LANGUAGE_STANDARD = "gnu++14";
				CLANG_CXX_LIBRARY = "libc++";
				CLANG_ENABLE_MODULES = YES;
				CLANG_ENABLE_OBJC_ARC = YES;
				CLANG_ENABLE_OBJC_WEAK = YES;
				CLANG_WARN_BLOCK_CAPTURE_AUTORELEASING = YES;
				CLANG_WARN_BOOL_CONVERSION = YES;
				CLANG_WARN_COMMA = YES;
				CLANG_WARN_CONSTANT_CONVERSION = YES;
				CLANG_WARN_DEPRECATED_OBJC_IMPLEMENTATIONS = YES;
				CLANG_WARN_DIRECT_OBJC_ISA_USAGE = YES_ERROR;
				CLANG_WARN_DOCUMENTATION_COMMENTS = YES;
				CLANG_WARN_EMPTY_BODY = YES;
				CLANG_WARN_ENUM_CONVERSION = YES;
				CLANG_WARN_INFINITE_RECURSION = YES;
				CLANG_WARN_INT_CONVERSION = YES;
				CLANG_WARN_NON_LITERAL_NULL_CONVERSION = YES;
				CLANG_WARN_OBJC_IMPLICIT_RETAIN_SELF = YES;
				CLANG_WARN_OBJC_LITERAL_CONVERSION = YES;
				CLANG_WARN_OBJC_ROOT_CLASS = YES_ERROR;
				CLANG_WARN_RANGE_LOOP_ANALYSIS = YES;
				CLANG_WARN_STRICT_PROTOTYPES = YES;
				CLANG_WARN_SUSPICIOUS_MOVE = YES;
				CLANG_WARN_UNGUARDED_AVAILABILITY = YES_AGGRESSIVE;
				CLANG_WARN_UNREACHABLE_CODE = YES;
				CLANG_WARN__DUPLICATE_METHOD_MATCH = YES;
				COPY_PHASE_STRIP = NO;
				DEBUG_INFORMATION_FORMAT = dwarf;
				ENABLE_STRICT_OBJC_MSGSEND = YES;
				ENABLE_TESTABILITY = YES;
				GCC_C_LANGUAGE_STANDARD = gnu11;
				GCC_DYNAMIC_NO_PIC = NO;
				GCC_NO_COMMON_BLOCKS = YES;
				GCC_OPTIMIZATION_LEVEL = 0;
				GCC_PREPROCESSOR_DEFINITIONS = (
					"DEBUG=1",
					"$(inherited)",
				);
				GCC_WARN_64_TO_32_BIT_CONVERSION = YES;
				GCC_WARN_ABOUT_RETURN_TYPE = YES_ERROR;
				GCC_WARN_UNDECLARED_SELECTOR = YES;
				GCC_WARN_UNINITIALIZED_AUTOS = YES_AGGRESSIVE;
				GCC_WARN_UNUSED_FUNCTION = YES;
				GCC_WARN_UNUSED_VARIABLE = YES;
				IPHONEOS_DEPLOYMENT_TARGET = 13.1;
				MTL_ENABLE_DEBUG_INFO = INCLUDE_SOURCE;
				MTL_FAST_MATH = YES;
				ONLY_ACTIVE_ARCH = YES;
				SDKROOT = iphoneos;
				SWIFT_ACTIVE_COMPILATION_CONDITIONS = DEBUG;
				SWIFT_OPTIMIZATION_LEVEL = "-Onone";
			};
			name = Debug;
		};
		0CAFD7292494F04D00ED5E87 /* Release */ = {
			isa = XCBuildConfiguration;
			buildSettings = {
				ALWAYS_SEARCH_USER_PATHS = NO;
				CLANG_ANALYZER_NONNULL = YES;
				CLANG_ANALYZER_NUMBER_OBJECT_CONVERSION = YES_AGGRESSIVE;
				CLANG_CXX_LANGUAGE_STANDARD = "gnu++14";
				CLANG_CXX_LIBRARY = "libc++";
				CLANG_ENABLE_MODULES = YES;
				CLANG_ENABLE_OBJC_ARC = YES;
				CLANG_ENABLE_OBJC_WEAK = YES;
				CLANG_WARN_BLOCK_CAPTURE_AUTORELEASING = YES;
				CLANG_WARN_BOOL_CONVERSION = YES;
				CLANG_WARN_COMMA = YES;
				CLANG_WARN_CONSTANT_CONVERSION = YES;
				CLANG_WARN_DEPRECATED_OBJC_IMPLEMENTATIONS = YES;
				CLANG_WARN_DIRECT_OBJC_ISA_USAGE = YES_ERROR;
				CLANG_WARN_DOCUMENTATION_COMMENTS = YES;
				CLANG_WARN_EMPTY_BODY = YES;
				CLANG_WARN_ENUM_CONVERSION = YES;
				CLANG_WARN_INFINITE_RECURSION = YES;
				CLANG_WARN_INT_CONVERSION = YES;
				CLANG_WARN_NON_LITERAL_NULL_CONVERSION = YES;
				CLANG_WARN_OBJC_IMPLICIT_RETAIN_SELF = YES;
				CLANG_WARN_OBJC_LITERAL_CONVERSION = YES;
				CLANG_WARN_OBJC_ROOT_CLASS = YES_ERROR;
				CLANG_WARN_RANGE_LOOP_ANALYSIS = YES;
				CLANG_WARN_STRICT_PROTOTYPES = YES;
				CLANG_WARN_SUSPICIOUS_MOVE = YES;
				CLANG_WARN_UNGUARDED_AVAILABILITY = YES_AGGRESSIVE;
				CLANG_WARN_UNREACHABLE_CODE = YES;
				CLANG_WARN__DUPLICATE_METHOD_MATCH = YES;
				COPY_PHASE_STRIP = NO;
				DEBUG_INFORMATION_FORMAT = "dwarf-with-dsym";
				ENABLE_NS_ASSERTIONS = NO;
				ENABLE_STRICT_OBJC_MSGSEND = YES;
				GCC_C_LANGUAGE_STANDARD = gnu11;
				GCC_NO_COMMON_BLOCKS = YES;
				GCC_WARN_64_TO_32_BIT_CONVERSION = YES;
				GCC_WARN_ABOUT_RETURN_TYPE = YES_ERROR;
				GCC_WARN_UNDECLARED_SELECTOR = YES;
				GCC_WARN_UNINITIALIZED_AUTOS = YES_AGGRESSIVE;
				GCC_WARN_UNUSED_FUNCTION = YES;
				GCC_WARN_UNUSED_VARIABLE = YES;
				IPHONEOS_DEPLOYMENT_TARGET = 13.1;
				MTL_ENABLE_DEBUG_INFO = NO;
				MTL_FAST_MATH = YES;
				SDKROOT = iphoneos;
				SWIFT_COMPILATION_MODE = wholemodule;
				SWIFT_OPTIMIZATION_LEVEL = "-O";
				VALIDATE_PRODUCT = YES;
			};
			name = Release;
		};
		0CAFD72B2494F04D00ED5E87 /* Debug */ = {
			isa = XCBuildConfiguration;
			buildSettings = {
				ASSETCATALOG_COMPILER_APPICON_NAME = AppIcon;
				CODE_SIGN_STYLE = Automatic;
				DEVELOPMENT_TEAM = KUN3CPPAQU;
				INFOPLIST_FILE = FlappyBird/Info.plist;
				LD_RUNPATH_SEARCH_PATHS = (
					"$(inherited)",
					"@executable_path/Frameworks",
				);
				PRODUCT_BUNDLE_IDENTIFIER = jp.techacademy.moeka.nishiyama.FlappyBird;
				PRODUCT_NAME = "$(TARGET_NAME)";
				SWIFT_VERSION = 5.0;
				TARGETED_DEVICE_FAMILY = 1;
			};
			name = Debug;
		};
		0CAFD72C2494F04D00ED5E87 /* Release */ = {
			isa = XCBuildConfiguration;
			buildSettings = {
				ASSETCATALOG_COMPILER_APPICON_NAME = AppIcon;
				CODE_SIGN_STYLE = Automatic;
				DEVELOPMENT_TEAM = KUN3CPPAQU;
				INFOPLIST_FILE = FlappyBird/Info.plist;
				LD_RUNPATH_SEARCH_PATHS = (
					"$(inherited)",
					"@executable_path/Frameworks",
				);
				PRODUCT_BUNDLE_IDENTIFIER = jp.techacademy.moeka.nishiyama.FlappyBird;
				PRODUCT_NAME = "$(TARGET_NAME)";
				SWIFT_VERSION = 5.0;
				TARGETED_DEVICE_FAMILY = 1;
			};
			name = Release;
		};
/* End XCBuildConfiguration section */

/* Begin XCConfigurationList section */
		0CAFD7112494F04900ED5E87 /* Build configuration list for PBXProject "FlappyBird" */ = {
			isa = XCConfigurationList;
			buildConfigurations = (
				0CAFD7282494F04D00ED5E87 /* Debug */,
				0CAFD7292494F04D00ED5E87 /* Release */,
			);
			defaultConfigurationIsVisible = 0;
			defaultConfigurationName = Release;
		};
		0CAFD72A2494F04D00ED5E87 /* Build configuration list for PBXNativeTarget "FlappyBird" */ = {
			isa = XCConfigurationList;
			buildConfigurations = (
				0CAFD72B2494F04D00ED5E87 /* Debug */,
				0CAFD72C2494F04D00ED5E87 /* Release */,
			);
			defaultConfigurationIsVisible = 0;
			defaultConfigurationName = Release;
		};
/* End XCConfigurationList section */
	};
	rootObject = 0CAFD70E2494F04900ED5E87 /* Project object */;
}
